
Microsoft Visual Studio Solution File, Format Version 12.00
# Visual Studio Version 16
VisualStudioVersion = 16.0.31702.278
MinimumVisualStudioVersion = 10.0.40219.1
Project("{FAE04EC0-301F-11D3-BF4B-00C04F79EFBC}") = "PizzaCal", "PizzaCal\PizzaCal.csproj", "{D9CADB62-2CAB-41DF-BCC0-5AC7D5C4C5D2}"
EndProject
Global
	GlobalSection(SolutionConfigurationPlatforms) = preSolution
		Debug|Any CPU = Debug|Any CPU
		Release|Any CPU = Release|Any CPU
	EndGlobalSection
	GlobalSection(ProjectConfigurationPlatforms) = postSolution
		{D9CADB62-2CAB-41DF-BCC0-5AC7D5C4C5D2}.Debug|Any CPU.ActiveCfg = Debug|Any CPU
		{D9CADB62-2CAB-41DF-BCC0-5AC7D5C4C5D2}.Debug|Any CPU.Build.0 = Debug|Any CPU
		{D9CADB62-2CAB-41DF-BCC0-5AC7D5C4C5D2}.Release|Any CPU.ActiveCfg = Release|Any CPU
		{D9CADB62-2CAB-41DF-BCC0-5AC7D5C4C5D2}.Release|Any CPU.Build.0 = Release|Any CPU
	EndGlobalSection
	GlobalSection(SolutionProperties) = preSolution
		HideSolutionNode = FALSE
	EndGlobalSection
	GlobalSection(ExtensibilityGlobals) = postSolution
		SolutionGuid = {2E5183DA-1B7C-40B1-9D7F-B7F375E56399}
	EndGlobalSection
EndGlobal
