
Microsoft Visual Studio Solution File, Format Version 12.00
# Visual Studio Version 17
VisualStudioVersion = 17.2.32630.192
MinimumVisualStudioVersion = 10.0.40219.1
Project("{9A19103F-16F7-4668-BE54-9A1E7A4F7556}") = "P03_FootballBetting", "P03_FootballBetting\P03_FootballBetting.csproj", "{93F7AE7F-0756-4E48-8F73-CD61C7EF949A}"
EndProject
Project("{FAE04EC0-301F-11D3-BF4B-00C04F79EFBC}") = "P03_FootballBetting.Data", "P03_FootballBetting.Data\P03_FootballBetting.Data.csproj", "{96BBD1E9-661C-40DA-B595-74818C2B2012}"
EndProject
Project("{FAE04EC0-301F-11D3-BF4B-00C04F79EFBC}") = "P03_FootballBetting.Data.Models", "P03_FootballBetting.Data.Models\P03_FootballBetting.Data.Models.csproj", "{B81854B5-5428-4541-BE35-F6ED7A8A95B8}"
EndProject
Global
	GlobalSection(SolutionConfigurationPlatforms) = preSolution
		Debug|Any CPU = Debug|Any CPU
		Release|Any CPU = Release|Any CPU
	EndGlobalSection
	GlobalSection(ProjectConfigurationPlatforms) = postSolution
		{93F7AE7F-0756-4E48-8F73-CD61C7EF949A}.Debug|Any CPU.ActiveCfg = Debug|Any CPU
		{93F7AE7F-0756-4E48-8F73-CD61C7EF949A}.Debug|Any CPU.Build.0 = Debug|Any CPU
		{93F7AE7F-0756-4E48-8F73-CD61C7EF949A}.Release|Any CPU.ActiveCfg = Release|Any CPU
		{93F7AE7F-0756-4E48-8F73-CD61C7EF949A}.Release|Any CPU.Build.0 = Release|Any CPU
		{96BBD1E9-661C-40DA-B595-74818C2B2012}.Debug|Any CPU.ActiveCfg = Debug|Any CPU
		{96BBD1E9-661C-40DA-B595-74818C2B2012}.Debug|Any CPU.Build.0 = Debug|Any CPU
		{96BBD1E9-661C-40DA-B595-74818C2B2012}.Release|Any CPU.ActiveCfg = Release|Any CPU
		{96BBD1E9-661C-40DA-B595-74818C2B2012}.Release|Any CPU.Build.0 = Release|Any CPU
		{B81854B5-5428-4541-BE35-F6ED7A8A95B8}.Debug|Any CPU.ActiveCfg = Debug|Any CPU
		{B81854B5-5428-4541-BE35-F6ED7A8A95B8}.Debug|Any CPU.Build.0 = Debug|Any CPU
		{B81854B5-5428-4541-BE35-F6ED7A8A95B8}.Release|Any CPU.ActiveCfg = Release|Any CPU
		{B81854B5-5428-4541-BE35-F6ED7A8A95B8}.Release|Any CPU.Build.0 = Release|Any CPU
	EndGlobalSection
	GlobalSection(SolutionProperties) = preSolution
		HideSolutionNode = FALSE
	EndGlobalSection
	GlobalSection(ExtensibilityGlobals) = postSolution
		SolutionGuid = {F996E24E-988C-4659-B750-E8CD8005EAAB}
	EndGlobalSection
EndGlobal
