
Microsoft Visual Studio Solution File, Format Version 12.00
# Visual Studio Version 16
VisualStudioVersion = 16.0.31702.278
MinimumVisualStudioVersion = 10.0.40219.1
Project("{FAE04EC0-301F-11D3-BF4B-00C04F79EFBC}") = "PersonInfo", "DefineanInterfaceIPerson\PersonInfo.csproj", "{FC872463-8FAD-47FA-A146-1790A365D507}"
EndProject
Global
	GlobalSection(SolutionConfigurationPlatforms) = preSolution
		Debug|Any CPU = Debug|Any CPU
		Release|Any CPU = Release|Any CPU
	EndGlobalSection
	GlobalSection(ProjectConfigurationPlatforms) = postSolution
		{FC872463-8FAD-47FA-A146-1790A365D507}.Debug|Any CPU.ActiveCfg = Debug|Any CPU
		{FC872463-8FAD-47FA-A146-1790A365D507}.Debug|Any CPU.Build.0 = Debug|Any CPU
		{FC872463-8FAD-47FA-A146-1790A365D507}.Release|Any CPU.ActiveCfg = Release|Any CPU
		{FC872463-8FAD-47FA-A146-1790A365D507}.Release|Any CPU.Build.0 = Release|Any CPU
	EndGlobalSection
	GlobalSection(SolutionProperties) = preSolution
		HideSolutionNode = FALSE
	EndGlobalSection
	GlobalSection(ExtensibilityGlobals) = postSolution
		SolutionGuid = {13E8C20F-5622-4E14-ABB8-70A7F34D8286}
	EndGlobalSection
EndGlobal
